# This file was autogenerated by Stack.
# You should not edit this file by hand.
# For more information, please see the documentation at:
#   https://docs.haskellstack.org/en/stable/lock_files

packages:
- completed:
    cabal-file:
      size: 2755
      sha256: 733980583343fb8a7ffe3c1806efd88fcd850eaea4715d106d24b7acd209dae2
    name: fcm-client
    version: 0.1.0.0
    git: https://github.com/andreyk0/fcm-client
    pantry-tree:
      size: 814
      sha256: 7ebb7ce21b534417791fdb446584e04004021f0a71539fab8affaa819fd28739
    commit: eee1a6d295acab24386c6b66153e652dac7c8dd1
  original:
    git: https://github.com/andreyk0/fcm-client
    commit: eee1a6d295acab24386c6b66153e652dac7c8dd1
snapshots:
- completed:
    size: 524799
    url: https://raw.githubusercontent.com/commercialhaskell/stackage-snapshots/master/lts/14/17.yaml
    sha256: 1d72b33c0fc048e23f4f18fd76a6ad79dd1d8a3c054644098a71a09855e40c7c
  original: lts-14.17
